// !$*UTF8*$!
{
	archiveVersion = 1;
	classes = {
	};
	objectVersion = 50;
	objects = {

/* Begin PBXBuildFile section */
		4217549322EF537D00F0D689 /* AppDelegate.swift in Sources */ = {isa = PBXBuildFile; fileRef = 4217549222EF537D00F0D689 /* AppDelegate.swift */; };
		4217549822EF537D00F0D689 /* Main.storyboard in Resources */ = {isa = PBXBuildFile; fileRef = 4217549622EF537D00F0D689 /* Main.storyboard */; };
		4217549A22EF537F00F0D689 /* Assets.xcassets in Resources */ = {isa = PBXBuildFile; fileRef = 4217549922EF537F00F0D689 /* Assets.xcassets */; };
		4217549D22EF537F00F0D689 /* LaunchScreen.storyboard in Resources */ = {isa = PBXBuildFile; fileRef = 4217549B22EF537F00F0D689 /* LaunchScreen.storyboard */; };
		421754A722EF55E500F0D689 /* VideoHelper.swift in Sources */ = {isa = PBXBuildFile; fileRef = 421754A622EF55E500F0D689 /* VideoHelper.swift */; };
		421754AD22EF6AAE00F0D689 /* MergeVideoViewController.swift in Sources */ = {isa = PBXBuildFile; fileRef = 421754AC22EF6AAE00F0D689 /* MergeVideoViewController.swift */; };
		421754B222EF6BFE00F0D689 /* success.mp3 in Resources */ = {isa = PBXBuildFile; fileRef = 421754AF22EF6BFE00F0D689 /* success.mp3 */; };
		421754B322EF6BFE00F0D689 /* doom.wav in Resources */ = {isa = PBXBuildFile; fileRef = 421754B022EF6BFE00F0D689 /* doom.wav */; };
		421754B422EF6BFE00F0D689 /* wow.wav in Resources */ = {isa = PBXBuildFile; fileRef = 421754B122EF6BFE00F0D689 /* wow.wav */; };
		429851E422F1EFFF000F4D34 /* Sound.swift in Sources */ = {isa = PBXBuildFile; fileRef = 429851E322F1EFFF000F4D34 /* Sound.swift */; };
		429851E622F1F056000F4D34 /* SoundController.swift in Sources */ = {isa = PBXBuildFile; fileRef = 429851E522F1F056000F4D34 /* SoundController.swift */; };
		429851E822F1F960000F4D34 /* SoundClipsTableViewController.swift in Sources */ = {isa = PBXBuildFile; fileRef = 429851E722F1F960000F4D34 /* SoundClipsTableViewController.swift */; };
		429851EA22F20355000F4D34 /* SoundTableViewCell.swift in Sources */ = {isa = PBXBuildFile; fileRef = 429851E922F20355000F4D34 /* SoundTableViewCell.swift */; };
		42B9D83622F345CD0093364E /* HomeViewController.swift in Sources */ = {isa = PBXBuildFile; fileRef = 42B9D83522F345CD0093364E /* HomeViewController.swift */; };
/* End PBXBuildFile section */

/* Begin PBXFileReference section */
		4217548F22EF537D00F0D689 /* EasyEdit.app */ = {isa = PBXFileReference; explicitFileType = wrapper.application; includeInIndex = 0; path = EasyEdit.app; sourceTree = BUILT_PRODUCTS_DIR; };
		4217549222EF537D00F0D689 /* AppDelegate.swift */ = {isa = PBXFileReference; lastKnownFileType = sourcecode.swift; path = AppDelegate.swift; sourceTree = "<group>"; };
		4217549722EF537D00F0D689 /* Base */ = {isa = PBXFileReference; lastKnownFileType = file.storyboard; name = Base; path = Base.lproj/Main.storyboard; sourceTree = "<group>"; };
		4217549922EF537F00F0D689 /* Assets.xcassets */ = {isa = PBXFileReference; lastKnownFileType = folder.assetcatalog; path = Assets.xcassets; sourceTree = "<group>"; };
		4217549C22EF537F00F0D689 /* Base */ = {isa = PBXFileReference; lastKnownFileType = file.storyboard; name = Base; path = Base.lproj/LaunchScreen.storyboard; sourceTree = "<group>"; };
		4217549E22EF537F00F0D689 /* Info.plist */ = {isa = PBXFileReference; lastKnownFileType = text.plist.xml; path = Info.plist; sourceTree = "<group>"; };
		421754A622EF55E500F0D689 /* VideoHelper.swift */ = {isa = PBXFileReference; lastKnownFileType = sourcecode.swift; path = VideoHelper.swift; sourceTree = "<group>"; };
		421754AC22EF6AAE00F0D689 /* MergeVideoViewController.swift */ = {isa = PBXFileReference; lastKnownFileType = sourcecode.swift; path = MergeVideoViewController.swift; sourceTree = "<group>"; };
		421754AF22EF6BFE00F0D689 /* success.mp3 */ = {isa = PBXFileReference; lastKnownFileType = audio.mp3; path = success.mp3; sourceTree = "<group>"; };
		421754B022EF6BFE00F0D689 /* doom.wav */ = {isa = PBXFileReference; lastKnownFileType = audio.wav; path = doom.wav; sourceTree = "<group>"; };
		421754B122EF6BFE00F0D689 /* wow.wav */ = {isa = PBXFileReference; lastKnownFileType = audio.wav; path = wow.wav; sourceTree = "<group>"; };
		429851E322F1EFFF000F4D34 /* Sound.swift */ = {isa = PBXFileReference; lastKnownFileType = sourcecode.swift; path = Sound.swift; sourceTree = "<group>"; };
		429851E522F1F056000F4D34 /* SoundController.swift */ = {isa = PBXFileReference; lastKnownFileType = sourcecode.swift; path = SoundController.swift; sourceTree = "<group>"; };
		429851E722F1F960000F4D34 /* SoundClipsTableViewController.swift */ = {isa = PBXFileReference; lastKnownFileType = sourcecode.swift; path = SoundClipsTableViewController.swift; sourceTree = "<group>"; };
		429851E922F20355000F4D34 /* SoundTableViewCell.swift */ = {isa = PBXFileReference; lastKnownFileType = sourcecode.swift; path = SoundTableViewCell.swift; sourceTree = "<group>"; };
		42B9D83522F345CD0093364E /* HomeViewController.swift */ = {isa = PBXFileReference; lastKnownFileType = sourcecode.swift; path = HomeViewController.swift; sourceTree = "<group>"; };
/* End PBXFileReference section */

/* Begin PBXFrameworksBuildPhase section */
		4217548C22EF537D00F0D689 /* Frameworks */ = {
			isa = PBXFrameworksBuildPhase;
			buildActionMask = 2147483647;
			files = (
			);
			runOnlyForDeploymentPostprocessing = 0;
		};
/* End PBXFrameworksBuildPhase section */

/* Begin PBXGroup section */
		4217548622EF537D00F0D689 = {
			isa = PBXGroup;
			children = (
				4217549122EF537D00F0D689 /* EasyEdit */,
				4217549022EF537D00F0D689 /* Products */,
			);
			sourceTree = "<group>";
		};
		4217549022EF537D00F0D689 /* Products */ = {
			isa = PBXGroup;
			children = (
				4217548F22EF537D00F0D689 /* EasyEdit.app */,
			);
			name = Products;
			sourceTree = "<group>";
		};
		4217549122EF537D00F0D689 /* EasyEdit */ = {
			isa = PBXGroup;
			children = (
				4217549222EF537D00F0D689 /* AppDelegate.swift */,
				4217549622EF537D00F0D689 /* Main.storyboard */,
				429851EB22F208CA000F4D34 /* View Controllers */,
				429851EC22F208DF000F4D34 /* Custom Cell */,
				429851E322F1EFFF000F4D34 /* Sound.swift */,
				429851E522F1F056000F4D34 /* SoundController.swift */,
				425C2DBA22F0AF2F00B890FF /* Helpers */,
				4217549922EF537F00F0D689 /* Assets.xcassets */,
				4217549B22EF537F00F0D689 /* LaunchScreen.storyboard */,
				4217549E22EF537F00F0D689 /* Info.plist */,
				421754AE22EF6BFE00F0D689 /* EasyEditSoundClips */,
			);
			path = EasyEdit;
			sourceTree = "<group>";
		};
		421754AE22EF6BFE00F0D689 /* EasyEditSoundClips */ = {
			isa = PBXGroup;
			children = (
				421754AF22EF6BFE00F0D689 /* success.mp3 */,
				421754B022EF6BFE00F0D689 /* doom.wav */,
				421754B122EF6BFE00F0D689 /* wow.wav */,
			);
			path = EasyEditSoundClips;
			sourceTree = "<group>";
		};
		425C2DBA22F0AF2F00B890FF /* Helpers */ = {
			isa = PBXGroup;
			children = (
				421754A622EF55E500F0D689 /* VideoHelper.swift */,
			);
			path = Helpers;
			sourceTree = "<group>";
		};
		429851EB22F208CA000F4D34 /* View Controllers */ = {
			isa = PBXGroup;
			children = (
				42B9D83522F345CD0093364E /* HomeViewController.swift */,
				421754AC22EF6AAE00F0D689 /* MergeVideoViewController.swift */,
				429851E722F1F960000F4D34 /* SoundClipsTableViewController.swift */,
			);
			path = "View Controllers";
			sourceTree = "<group>";
		};
		429851EC22F208DF000F4D34 /* Custom Cell */ = {
			isa = PBXGroup;
			children = (
				429851E922F20355000F4D34 /* SoundTableViewCell.swift */,
			);
			path = "Custom Cell";
			sourceTree = "<group>";
		};
/* End PBXGroup section */

/* Begin PBXNativeTarget section */
		4217548E22EF537D00F0D689 /* EasyEdit */ = {
			isa = PBXNativeTarget;
			buildConfigurationList = 421754A122EF537F00F0D689 /* Build configuration list for PBXNativeTarget "EasyEdit" */;
			buildPhases = (
				4217548B22EF537D00F0D689 /* Sources */,
				4217548C22EF537D00F0D689 /* Frameworks */,
				4217548D22EF537D00F0D689 /* Resources */,
			);
			buildRules = (
			);
			dependencies = (
			);
			name = EasyEdit;
			productName = EasyEdit;
			productReference = 4217548F22EF537D00F0D689 /* EasyEdit.app */;
			productType = "com.apple.product-type.application";
		};
/* End PBXNativeTarget section */

/* Begin PBXProject section */
		4217548722EF537D00F0D689 /* Project object */ = {
			isa = PBXProject;
			attributes = {
				LastSwiftUpdateCheck = 1030;
				LastUpgradeCheck = 1030;
				ORGANIZATIONNAME = "Thomas Cacciatore";
				TargetAttributes = {
					4217548E22EF537D00F0D689 = {
						CreatedOnToolsVersion = 10.3;
					};
				};
			};
			buildConfigurationList = 4217548A22EF537D00F0D689 /* Build configuration list for PBXProject "EasyEdit" */;
			compatibilityVersion = "Xcode 9.3";
			developmentRegion = en;
			hasScannedForEncodings = 0;
			knownRegions = (
				en,
				Base,
			);
			mainGroup = 4217548622EF537D00F0D689;
			productRefGroup = 4217549022EF537D00F0D689 /* Products */;
			projectDirPath = "";
			projectRoot = "";
			targets = (
				4217548E22EF537D00F0D689 /* EasyEdit */,
			);
		};
/* End PBXProject section */

/* Begin PBXResourcesBuildPhase section */
		4217548D22EF537D00F0D689 /* Resources */ = {
			isa = PBXResourcesBuildPhase;
			buildActionMask = 2147483647;
			files = (
				421754B422EF6BFE00F0D689 /* wow.wav in Resources */,
				4217549D22EF537F00F0D689 /* LaunchScreen.storyboard in Resources */,
				421754B322EF6BFE00F0D689 /* doom.wav in Resources */,
				4217549A22EF537F00F0D689 /* Assets.xcassets in Resources */,
				421754B222EF6BFE00F0D689 /* success.mp3 in Resources */,
				4217549822EF537D00F0D689 /* Main.storyboard in Resources */,
			);
			runOnlyForDeploymentPostprocessing = 0;
		};
/* End PBXResourcesBuildPhase section */

/* Begin PBXSourcesBuildPhase section */
		4217548B22EF537D00F0D689 /* Sources */ = {
			isa = PBXSourcesBuildPhase;
			buildActionMask = 2147483647;
			files = (
				421754A722EF55E500F0D689 /* VideoHelper.swift in Sources */,
				429851E822F1F960000F4D34 /* SoundClipsTableViewController.swift in Sources */,
				429851E422F1EFFF000F4D34 /* Sound.swift in Sources */,
				421754AD22EF6AAE00F0D689 /* MergeVideoViewController.swift in Sources */,
				429851EA22F20355000F4D34 /* SoundTableViewCell.swift in Sources */,
				42B9D83622F345CD0093364E /* HomeViewController.swift in Sources */,
				429851E622F1F056000F4D34 /* SoundController.swift in Sources */,
				4217549322EF537D00F0D689 /* AppDelegate.swift in Sources */,
			);
			runOnlyForDeploymentPostprocessing = 0;
		};
/* End PBXSourcesBuildPhase section */

/* Begin PBXVariantGroup section */
		4217549622EF537D00F0D689 /* Main.storyboard */ = {
			isa = PBXVariantGroup;
			children = (
				4217549722EF537D00F0D689 /* Base */,
			);
			name = Main.storyboard;
			sourceTree = "<group>";
		};
		4217549B22EF537F00F0D689 /* LaunchScreen.storyboard */ = {
			isa = PBXVariantGroup;
			children = (
				4217549C22EF537F00F0D689 /* Base */,
			);
			name = LaunchScreen.storyboard;
			sourceTree = "<group>";
		};
/* End PBXVariantGroup section */

/* Begin XCBuildConfiguration section */
		4217549F22EF537F00F0D689 /* Debug */ = {
			isa = XCBuildConfiguration;
			buildSettings = {
				ALWAYS_SEARCH_USER_PATHS = NO;
				CLANG_ANALYZER_NONNULL = YES;
				CLANG_ANALYZER_NUMBER_OBJECT_CONVERSION = YES_AGGRESSIVE;
				CLANG_CXX_LANGUAGE_STANDARD = "gnu++14";
				CLANG_CXX_LIBRARY = "libc++";
				CLANG_ENABLE_MODULES = YES;
				CLANG_ENABLE_OBJC_ARC = YES;
				CLANG_ENABLE_OBJC_WEAK = YES;
				CLANG_WARN_BLOCK_CAPTURE_AUTORELEASING = YES;
				CLANG_WARN_BOOL_CONVERSION = YES;
				CLANG_WARN_COMMA = YES;
				CLANG_WARN_CONSTANT_CONVERSION = YES;
				CLANG_WARN_DEPRECATED_OBJC_IMPLEMENTATIONS = YES;
				CLANG_WARN_DIRECT_OBJC_ISA_USAGE = YES_ERROR;
				CLANG_WARN_DOCUMENTATION_COMMENTS = YES;
				CLANG_WARN_EMPTY_BODY = YES;
				CLANG_WARN_ENUM_CONVERSION = YES;
				CLANG_WARN_INFINITE_RECURSION = YES;
				CLANG_WARN_INT_CONVERSION = YES;
				CLANG_WARN_NON_LITERAL_NULL_CONVERSION = YES;
				CLANG_WARN_OBJC_IMPLICIT_RETAIN_SELF = YES;
				CLANG_WARN_OBJC_LITERAL_CONVERSION = YES;
				CLANG_WARN_OBJC_ROOT_CLASS = YES_ERROR;
				CLANG_WARN_RANGE_LOOP_ANALYSIS = YES;
				CLANG_WARN_STRICT_PROTOTYPES = YES;
				CLANG_WARN_SUSPICIOUS_MOVE = YES;
				CLANG_WARN_UNGUARDED_AVAILABILITY = YES_AGGRESSIVE;
				CLANG_WARN_UNREACHABLE_CODE = YES;
				CLANG_WARN__DUPLICATE_METHOD_MATCH = YES;
				CODE_SIGN_IDENTITY = "iPhone Developer";
				COPY_PHASE_STRIP = NO;
				DEBUG_INFORMATION_FORMAT = dwarf;
				ENABLE_STRICT_OBJC_MSGSEND = YES;
				ENABLE_TESTABILITY = YES;
				GCC_C_LANGUAGE_STANDARD = gnu11;
				GCC_DYNAMIC_NO_PIC = NO;
				GCC_NO_COMMON_BLOCKS = YES;
				GCC_OPTIMIZATION_LEVEL = 0;
				GCC_PREPROCESSOR_DEFINITIONS = (
					"DEBUG=1",
					"$(inherited)",
				);
				GCC_WARN_64_TO_32_BIT_CONVERSION = YES;
				GCC_WARN_ABOUT_RETURN_TYPE = YES_ERROR;
				GCC_WARN_UNDECLARED_SELECTOR = YES;
				GCC_WARN_UNINITIALIZED_AUTOS = YES_AGGRESSIVE;
				GCC_WARN_UNUSED_FUNCTION = YES;
				GCC_WARN_UNUSED_VARIABLE = YES;
				IPHONEOS_DEPLOYMENT_TARGET = 12.4;
				MTL_ENABLE_DEBUG_INFO = INCLUDE_SOURCE;
				MTL_FAST_MATH = YES;
				ONLY_ACTIVE_ARCH = YES;
				SDKROOT = iphoneos;
				SWIFT_ACTIVE_COMPILATION_CONDITIONS = DEBUG;
				SWIFT_OPTIMIZATION_LEVEL = "-Onone";
			};
			name = Debug;
		};
		421754A022EF537F00F0D689 /* Release */ = {
			isa = XCBuildConfiguration;
			buildSettings = {
				ALWAYS_SEARCH_USER_PATHS = NO;
				CLANG_ANALYZER_NONNULL = YES;
				CLANG_ANALYZER_NUMBER_OBJECT_CONVERSION = YES_AGGRESSIVE;
				CLANG_CXX_LANGUAGE_STANDARD = "gnu++14";
				CLANG_CXX_LIBRARY = "libc++";
				CLANG_ENABLE_MODULES = YES;
				CLANG_ENABLE_OBJC_ARC = YES;
				CLANG_ENABLE_OBJC_WEAK = YES;
				CLANG_WARN_BLOCK_CAPTURE_AUTORELEASING = YES;
				CLANG_WARN_BOOL_CONVERSION = YES;
				CLANG_WARN_COMMA = YES;
				CLANG_WARN_CONSTANT_CONVERSION = YES;
				CLANG_WARN_DEPRECATED_OBJC_IMPLEMENTATIONS = YES;
				CLANG_WARN_DIRECT_OBJC_ISA_USAGE = YES_ERROR;
				CLANG_WARN_DOCUMENTATION_COMMENTS = YES;
				CLANG_WARN_EMPTY_BODY = YES;
				CLANG_WARN_ENUM_CONVERSION = YES;
				CLANG_WARN_INFINITE_RECURSION = YES;
				CLANG_WARN_INT_CONVERSION = YES;
				CLANG_WARN_NON_LITERAL_NULL_CONVERSION = YES;
				CLANG_WARN_OBJC_IMPLICIT_RETAIN_SELF = YES;
				CLANG_WARN_OBJC_LITERAL_CONVERSION = YES;
				CLANG_WARN_OBJC_ROOT_CLASS = YES_ERROR;
				CLANG_WARN_RANGE_LOOP_ANALYSIS = YES;
				CLANG_WARN_STRICT_PROTOTYPES = YES;
				CLANG_WARN_SUSPICIOUS_MOVE = YES;
				CLANG_WARN_UNGUARDED_AVAILABILITY = YES_AGGRESSIVE;
				CLANG_WARN_UNREACHABLE_CODE = YES;
				CLANG_WARN__DUPLICATE_METHOD_MATCH = YES;
				CODE_SIGN_IDENTITY = "iPhone Developer";
				COPY_PHASE_STRIP = NO;
				DEBUG_INFORMATION_FORMAT = "dwarf-with-dsym";
				ENABLE_NS_ASSERTIONS = NO;
				ENABLE_STRICT_OBJC_MSGSEND = YES;
				GCC_C_LANGUAGE_STANDARD = gnu11;
				GCC_NO_COMMON_BLOCKS = YES;
				GCC_WARN_64_TO_32_BIT_CONVERSION = YES;
				GCC_WARN_ABOUT_RETURN_TYPE = YES_ERROR;
				GCC_WARN_UNDECLARED_SELECTOR = YES;
				GCC_WARN_UNINITIALIZED_AUTOS = YES_AGGRESSIVE;
				GCC_WARN_UNUSED_FUNCTION = YES;
				GCC_WARN_UNUSED_VARIABLE = YES;
				IPHONEOS_DEPLOYMENT_TARGET = 12.4;
				MTL_ENABLE_DEBUG_INFO = NO;
				MTL_FAST_MATH = YES;
				SDKROOT = iphoneos;
				SWIFT_COMPILATION_MODE = wholemodule;
				SWIFT_OPTIMIZATION_LEVEL = "-O";
				VALIDATE_PRODUCT = YES;
			};
			name = Release;
		};
		421754A222EF537F00F0D689 /* Debug */ = {
			isa = XCBuildConfiguration;
			buildSettings = {
				ASSETCATALOG_COMPILER_APPICON_NAME = AppIcon;
				CODE_SIGN_STYLE = Automatic;
				DEVELOPMENT_TEAM = Z28289DGH6;
				INFOPLIST_FILE = EasyEdit/Info.plist;
				LD_RUNPATH_SEARCH_PATHS = (
					"$(inherited)",
					"@executable_path/Frameworks",
				);
				PRODUCT_BUNDLE_IDENTIFIER = com.ThomasCacciatore.EasyEdit;
				PRODUCT_NAME = "$(TARGET_NAME)";
				SWIFT_VERSION = 5.0;
				TARGETED_DEVICE_FAMILY = "1,2";
			};
			name = Debug;
		};
		421754A322EF537F00F0D689 /* Release */ = {
			isa = XCBuildConfiguration;
			buildSettings = {
				ASSETCATALOG_COMPILER_APPICON_NAME = AppIcon;
				CODE_SIGN_STYLE = Automatic;
				DEVELOPMENT_TEAM = Z28289DGH6;
				INFOPLIST_FILE = EasyEdit/Info.plist;
				LD_RUNPATH_SEARCH_PATHS = (
					"$(inherited)",
					"@executable_path/Frameworks",
				);
				PRODUCT_BUNDLE_IDENTIFIER = com.ThomasCacciatore.EasyEdit;
				PRODUCT_NAME = "$(TARGET_NAME)";
				SWIFT_VERSION = 5.0;
				TARGETED_DEVICE_FAMILY = "1,2";
			};
			name = Release;
		};
/* End XCBuildConfiguration section */

/* Begin XCConfigurationList section */
		4217548A22EF537D00F0D689 /* Build configuration list for PBXProject "EasyEdit" */ = {
			isa = XCConfigurationList;
			buildConfigurations = (
				4217549F22EF537F00F0D689 /* Debug */,
				421754A022EF537F00F0D689 /* Release */,
			);
			defaultConfigurationIsVisible = 0;
			defaultConfigurationName = Release;
		};
		421754A122EF537F00F0D689 /* Build configuration list for PBXNativeTarget "EasyEdit" */ = {
			isa = XCConfigurationList;
			buildConfigurations = (
				421754A222EF537F00F0D689 /* Debug */,
				421754A322EF537F00F0D689 /* Release */,
			);
			defaultConfigurationIsVisible = 0;
			defaultConfigurationName = Release;
		};
/* End XCConfigurationList section */
	};
	rootObject = 4217548722EF537D00F0D689 /* Project object */;
}
